{
  "name": "frontend",
  "lockfileVersion": 3,
  "requires": true,
  "packages": {
    "": {
      "dependencies": {
        "barcode-scanner-frontend": "file:.."
      }
    },
    "..": {
      "name": "barcode-scanner-frontend",
      "version": "1.0.0",
      "dependencies": {
        "@ericblade/quagga2": "^1.8.4",
        "react": "^18.2.0",
        "react-dom": "^18.2.0"
      },
      "devDependencies": {
        "@vitejs/plugin-react": "^6.0.0",
        "vite": "^8.0.0"
      }
    },
    "node_modules/barcode-scanner-frontend": {
      "resolved": "..",
      "link": true
    }
  }
}
